
Microsoft Visual Studio Solution File, Format Version 12.00
# Visual Studio 14
VisualStudioVersion = 14.0.25420.1
MinimumVisualStudioVersion = 10.0.40219.1
Project("{FAE04EC0-301F-11D3-BF4B-00C04F79EFBC}") = "TimeAgo", "TimeAgo\TimeAgo.csproj", "{F3F07FB6-DA83-450C-9746-529A2D3BF0A0}"
EndProject
Project("{FAE04EC0-301F-11D3-BF4B-00C04F79EFBC}") = "UnitTestTimeAgo", "UnitTestTimeAgo\UnitTestTimeAgo.csproj", "{994DBC08-D386-42B3-85EC-A3CF0BEEFB83}"
EndProject
Global
	GlobalSection(SolutionConfigurationPlatforms) = preSolution
		Debug|Any CPU = Debug|Any CPU
		Release|Any CPU = Release|Any CPU
	EndGlobalSection
	GlobalSection(ProjectConfigurationPlatforms) = postSolution
		{F3F07FB6-DA83-450C-9746-529A2D3BF0A0}.Debug|Any CPU.ActiveCfg = Debug|Any CPU
		{F3F07FB6-DA83-450C-9746-529A2D3BF0A0}.Debug|Any CPU.Build.0 = Debug|Any CPU
		{F3F07FB6-DA83-450C-9746-529A2D3BF0A0}.Release|Any CPU.ActiveCfg = Release|Any CPU
		{F3F07FB6-DA83-450C-9746-529A2D3BF0A0}.Release|Any CPU.Build.0 = Release|Any CPU
		{994DBC08-D386-42B3-85EC-A3CF0BEEFB83}.Debug|Any CPU.ActiveCfg = Debug|Any CPU
		{994DBC08-D386-42B3-85EC-A3CF0BEEFB83}.Debug|Any CPU.Build.0 = Debug|Any CPU
		{994DBC08-D386-42B3-85EC-A3CF0BEEFB83}.Release|Any CPU.ActiveCfg = Release|Any CPU
		{994DBC08-D386-42B3-85EC-A3CF0BEEFB83}.Release|Any CPU.Build.0 = Release|Any CPU
	EndGlobalSection
	GlobalSection(SolutionProperties) = preSolution
		HideSolutionNode = FALSE
	EndGlobalSection
EndGlobal
